
Microsoft Visual Studio Solution File, Format Version 12.00
# Visual Studio Version 16
VisualStudioVersion = 16.0.32802.440
MinimumVisualStudioVersion = 10.0.40219.1
Project("{FAE04EC0-301F-11D3-BF4B-00C04F79EFBC}") = "dz07.03.2023", "dz07.03.2023\dz07.03.2023.csproj", "{928ED4D6-41FB-4A36-A0D2-671A48A97CBC}"
EndProject
Global
	GlobalSection(SolutionConfigurationPlatforms) = preSolution
		Debug|Any CPU = Debug|Any CPU
		Release|Any CPU = Release|Any CPU
	EndGlobalSection
	GlobalSection(ProjectConfigurationPlatforms) = postSolution
		{928ED4D6-41FB-4A36-A0D2-671A48A97CBC}.Debug|Any CPU.ActiveCfg = Debug|Any CPU
		{928ED4D6-41FB-4A36-A0D2-671A48A97CBC}.Debug|Any CPU.Build.0 = Debug|Any CPU
		{928ED4D6-41FB-4A36-A0D2-671A48A97CBC}.Release|Any CPU.ActiveCfg = Release|Any CPU
		{928ED4D6-41FB-4A36-A0D2-671A48A97CBC}.Release|Any CPU.Build.0 = Release|Any CPU
	EndGlobalSection
	GlobalSection(SolutionProperties) = preSolution
		HideSolutionNode = FALSE
	EndGlobalSection
	GlobalSection(ExtensibilityGlobals) = postSolution
		SolutionGuid = {7AB8F53D-0E8F-4058-93FF-27630168C013}
	EndGlobalSection
EndGlobal
